
Microsoft Visual Studio Solution File, Format Version 12.00
# Visual Studio Version 17
VisualStudioVersion = 17.14.37710.0 d17.14
MinimumVisualStudioVersion = 10.0.40219.1
Project("{FAE04EC0-301F-11D3-BF4B-00C04F79EFBC}") = "QuaTrungThu", "QuaTrungThu\QuaTrungThu.csproj", "{8BE53F35-75AE-4A38-8737-45A0B69BDBFA}"
EndProject
Global
	GlobalSection(SolutionConfigurationPlatforms) = preSolution
		Debug|Any CPU = Debug|Any CPU
		Release|Any CPU = Release|Any CPU
	EndGlobalSection
	GlobalSection(ProjectConfigurationPlatforms) = postSolution
		{8BE53F35-75AE-4A38-8737-45A0B69BDBFA}.Debug|Any CPU.ActiveCfg = Debug|Any CPU
		{8BE53F35-75AE-4A38-8737-45A0B69BDBFA}.Debug|Any CPU.Build.0 = Debug|Any CPU
		{8BE53F35-75AE-4A38-8737-45A0B69BDBFA}.Release|Any CPU.ActiveCfg = Release|Any CPU
		{8BE53F35-75AE-4A38-8737-45A0B69BDBFA}.Release|Any CPU.Build.0 = Release|Any CPU
	EndGlobalSection
	GlobalSection(SolutionProperties) = preSolution
		HideSolutionNode = FALSE
	EndGlobalSection
	GlobalSection(ExtensibilityGlobals) = postSolution
		SolutionGuid = {ED906C7C-5D5D-4096-B688-3F86453BD566}
	EndGlobalSection
EndGlobal
